
Microsoft Visual Studio Solution File, Format Version 12.00
# Visual Studio 15
VisualStudioVersion = 15.0.27130.2024
MinimumVisualStudioVersion = 10.0.40219.1
Project("{FAE04EC0-301F-11D3-BF4B-00C04F79EFBC}") = "TSSPruebaInventario", "TSSPruebaInventario\TSSPruebaInventario.csproj", "{1AB1A112-1F86-46A9-8E3E-AFCDF1325C81}"
EndProject
Global
	GlobalSection(SolutionConfigurationPlatforms) = preSolution
		Debug|Any CPU = Debug|Any CPU
		Release|Any CPU = Release|Any CPU
	EndGlobalSection
	GlobalSection(ProjectConfigurationPlatforms) = postSolution
		{1AB1A112-1F86-46A9-8E3E-AFCDF1325C81}.Debug|Any CPU.ActiveCfg = Debug|Any CPU
		{1AB1A112-1F86-46A9-8E3E-AFCDF1325C81}.Debug|Any CPU.Build.0 = Debug|Any CPU
		{1AB1A112-1F86-46A9-8E3E-AFCDF1325C81}.Release|Any CPU.ActiveCfg = Release|Any CPU
		{1AB1A112-1F86-46A9-8E3E-AFCDF1325C81}.Release|Any CPU.Build.0 = Release|Any CPU
	EndGlobalSection
	GlobalSection(SolutionProperties) = preSolution
		HideSolutionNode = FALSE
	EndGlobalSection
	GlobalSection(ExtensibilityGlobals) = postSolution
		SolutionGuid = {FF8AEABB-EBB7-4879-AAF9-1DEC7B1F528A}
	EndGlobalSection
EndGlobal
